
Microsoft Visual Studio Solution File, Format Version 12.00
# Visual Studio Version 17
VisualStudioVersion = 17.0.31903.59
MinimumVisualStudioVersion = 10.0.40219.1
Project("{2150E333-8FDC-42A3-9474-1A3956D46DE8}") = "src", "src", "{827E0CD3-B72D-47B6-A68D-7590B98EB39B}"
EndProject
Project("{FAE04EC0-301F-11D3-BF4B-00C04F79EFBC}") = "Dashboard.Domain", "src\Dashboard.Domain\Dashboard.Domain.csproj", "{5E33B26E-E8CF-469B-AF23-C13338AFC1BA}"
EndProject
Project("{FAE04EC0-301F-11D3-BF4B-00C04F79EFBC}") = "Dashboard.Application", "src\Dashboard.Application\Dashboard.Application.csproj", "{F4E57DB0-675F-4027-8B22-E71BCF4BBAAD}"
EndProject
Project("{FAE04EC0-301F-11D3-BF4B-00C04F79EFBC}") = "Dashboard.Infrastructure", "src\Dashboard.Infrastructure\Dashboard.Infrastructure.csproj", "{85449149-8158-4CC4-BE29-F71DC7EF7662}"
EndProject
Project("{FAE04EC0-301F-11D3-BF4B-00C04F79EFBC}") = "Dashboard.Api", "src\Dashboard.Api\Dashboard.Api.csproj", "{D5810908-2397-4410-AA0A-B4FD5A3E20DA}"
EndProject
Project("{2150E333-8FDC-42A3-9474-1A3956D46DE8}") = "tests", "tests", "{0AB3BF05-4346-4AA6-1389-037BE0695223}"
EndProject
Project("{FAE04EC0-301F-11D3-BF4B-00C04F79EFBC}") = "Dashboard.Domain.Tests", "tests\Dashboard.Domain.Tests\Dashboard.Domain.Tests.csproj", "{AD0416F8-F2B9-4D05-B0CA-C3713D7A1682}"
EndProject
Project("{FAE04EC0-301F-11D3-BF4B-00C04F79EFBC}") = "Dashboard.Application.Tests", "tests\Dashboard.Application.Tests\Dashboard.Application.Tests.csproj", "{96AC8FF9-A043-47A0-8DB3-D3D74D429876}"
EndProject
Project("{FAE04EC0-301F-11D3-BF4B-00C04F79EFBC}") = "Dashboard.Infrastructure.Tests", "tests\Dashboard.Infrastructure.Tests\Dashboard.Infrastructure.Tests.csproj", "{87F5AFA1-7883-4B84-AE5C-85B927509A37}"
EndProject
Project("{FAE04EC0-301F-11D3-BF4B-00C04F79EFBC}") = "Dashboard.Api.Tests", "tests\Dashboard.Api.Tests\Dashboard.Api.Tests.csproj", "{45EE0577-AC1C-41F1-89FD-9ACE77CB7A8D}"
EndProject
Global
	GlobalSection(SolutionConfigurationPlatforms) = preSolution
		Debug|Any CPU = Debug|Any CPU
		Debug|x64 = Debug|x64
		Debug|x86 = Debug|x86
		Release|Any CPU = Release|Any CPU
		Release|x64 = Release|x64
		Release|x86 = Release|x86
	EndGlobalSection
	GlobalSection(ProjectConfigurationPlatforms) = postSolution
		{5E33B26E-E8CF-469B-AF23-C13338AFC1BA}.Debug|Any CPU.ActiveCfg = Debug|Any CPU
		{5E33B26E-E8CF-469B-AF23-C13338AFC1BA}.Debug|Any CPU.Build.0 = Debug|Any CPU
		{5E33B26E-E8CF-469B-AF23-C13338AFC1BA}.Debug|x64.ActiveCfg = Debug|Any CPU
		{5E33B26E-E8CF-469B-AF23-C13338AFC1BA}.Debug|x64.Build.0 = Debug|Any CPU
		{5E33B26E-E8CF-469B-AF23-C13338AFC1BA}.Debug|x86.ActiveCfg = Debug|Any CPU
		{5E33B26E-E8CF-469B-AF23-C13338AFC1BA}.Debug|x86.Build.0 = Debug|Any CPU
		{5E33B26E-E8CF-469B-AF23-C13338AFC1BA}.Release|Any CPU.ActiveCfg = Release|Any CPU
		{5E33B26E-E8CF-469B-AF23-C13338AFC1BA}.Release|Any CPU.Build.0 = Release|Any CPU
		{5E33B26E-E8CF-469B-AF23-C13338AFC1BA}.Release|x64.ActiveCfg = Release|Any CPU
		{5E33B26E-E8CF-469B-AF23-C13338AFC1BA}.Release|x64.Build.0 = Release|Any CPU
		{5E33B26E-E8CF-469B-AF23-C13338AFC1BA}.Release|x86.ActiveCfg = Release|Any CPU
		{5E33B26E-E8CF-469B-AF23-C13338AFC1BA}.Release|x86.Build.0 = Release|Any CPU
		{F4E57DB0-675F-4027-8B22-E71BCF4BBAAD}.Debug|Any CPU.ActiveCfg = Debug|Any CPU
		{F4E57DB0-675F-4027-8B22-E71BCF4BBAAD}.Debug|Any CPU.Build.0 = Debug|Any CPU
		{F4E57DB0-675F-4027-8B22-E71BCF4BBAAD}.Debug|x64.ActiveCfg = Debug|Any CPU
		{F4E57DB0-675F-4027-8B22-E71BCF4BBAAD}.Debug|x64.Build.0 = Debug|Any CPU
		{F4E57DB0-675F-4027-8B22-E71BCF4BBAAD}.Debug|x86.ActiveCfg = Debug|Any CPU
		{F4E57DB0-675F-4027-8B22-E71BCF4BBAAD}.Debug|x86.Build.0 = Debug|Any CPU
		{F4E57DB0-675F-4027-8B22-E71BCF4BBAAD}.Release|Any CPU.ActiveCfg = Release|Any CPU
		{F4E57DB0-675F-4027-8B22-E71BCF4BBAAD}.Release|Any CPU.Build.0 = Release|Any CPU
		{F4E57DB0-675F-4027-8B22-E71BCF4BBAAD}.Release|x64.ActiveCfg = Release|Any CPU
		{F4E57DB0-675F-4027-8B22-E71BCF4BBAAD}.Release|x64.Build.0 = Release|Any CPU
		{F4E57DB0-675F-4027-8B22-E71BCF4BBAAD}.Release|x86.ActiveCfg = Release|Any CPU
		{F4E57DB0-675F-4027-8B22-E71BCF4BBAAD}.Release|x86.Build.0 = Release|Any CPU
		{85449149-8158-4CC4-BE29-F71DC7EF7662}.Debug|Any CPU.ActiveCfg = Debug|Any CPU
		{85449149-8158-4CC4-BE29-F71DC7EF7662}.Debug|Any CPU.Build.0 = Debug|Any CPU
		{85449149-8158-4CC4-BE29-F71DC7EF7662}.Debug|x64.ActiveCfg = Debug|Any CPU
		{85449149-8158-4CC4-BE29-F71DC7EF7662}.Debug|x64.Build.0 = Debug|Any CPU
		{85449149-8158-4CC4-BE29-F71DC7EF7662}.Debug|x86.ActiveCfg = Debug|Any CPU
		{85449149-8158-4CC4-BE29-F71DC7EF7662}.Debug|x86.Build.0 = Debug|Any CPU
		{85449149-8158-4CC4-BE29-F71DC7EF7662}.Release|Any CPU.ActiveCfg = Release|Any CPU
		{85449149-8158-4CC4-BE29-F71DC7EF7662}.Release|Any CPU.Build.0 = Release|Any CPU
		{85449149-8158-4CC4-BE29-F71DC7EF7662}.Release|x64.ActiveCfg = Release|Any CPU
		{85449149-8158-4CC4-BE29-F71DC7EF7662}.Release|x64.Build.0 = Release|Any CPU
		{85449149-8158-4CC4-BE29-F71DC7EF7662}.Release|x86.ActiveCfg = Release|Any CPU
		{85449149-8158-4CC4-BE29-F71DC7EF7662}.Release|x86.Build.0 = Release|Any CPU
		{D5810908-2397-4410-AA0A-B4FD5A3E20DA}.Debug|Any CPU.ActiveCfg = Debug|Any CPU
		{D5810908-2397-4410-AA0A-B4FD5A3E20DA}.Debug|Any CPU.Build.0 = Debug|Any CPU
		{D5810908-2397-4410-AA0A-B4FD5A3E20DA}.Debug|x64.ActiveCfg = Debug|Any CPU
		{D5810908-2397-4410-AA0A-B4FD5A3E20DA}.Debug|x64.Build.0 = Debug|Any CPU
		{D5810908-2397-4410-AA0A-B4FD5A3E20DA}.Debug|x86.ActiveCfg = Debug|Any CPU
		{D5810908-2397-4410-AA0A-B4FD5A3E20DA}.Debug|x86.Build.0 = Debug|Any CPU
		{D5810908-2397-4410-AA0A-B4FD5A3E20DA}.Release|Any CPU.ActiveCfg = Release|Any CPU
		{D5810908-2397-4410-AA0A-B4FD5A3E20DA}.Release|Any CPU.Build.0 = Release|Any CPU
		{D5810908-2397-4410-AA0A-B4FD5A3E20DA}.Release|x64.ActiveCfg = Release|Any CPU
		{D5810908-2397-4410-AA0A-B4FD5A3E20DA}.Release|x64.Build.0 = Release|Any CPU
		{D5810908-2397-4410-AA0A-B4FD5A3E20DA}.Release|x86.ActiveCfg = Release|Any CPU
		{D5810908-2397-4410-AA0A-B4FD5A3E20DA}.Release|x86.Build.0 = Release|Any CPU
		{AD0416F8-F2B9-4D05-B0CA-C3713D7A1682}.Debug|Any CPU.ActiveCfg = Debug|Any CPU
		{AD0416F8-F2B9-4D05-B0CA-C3713D7A1682}.Debug|Any CPU.Build.0 = Debug|Any CPU
		{AD0416F8-F2B9-4D05-B0CA-C3713D7A1682}.Debug|x64.ActiveCfg = Debug|Any CPU
		{AD0416F8-F2B9-4D05-B0CA-C3713D7A1682}.Debug|x64.Build.0 = Debug|Any CPU
		{AD0416F8-F2B9-4D05-B0CA-C3713D7A1682}.Debug|x86.ActiveCfg = Debug|Any CPU
		{AD0416F8-F2B9-4D05-B0CA-C3713D7A1682}.Debug|x86.Build.0 = Debug|Any CPU
		{AD0416F8-F2B9-4D05-B0CA-C3713D7A1682}.Release|Any CPU.ActiveCfg = Release|Any CPU
		{AD0416F8-F2B9-4D05-B0CA-C3713D7A1682}.Release|Any CPU.Build.0 = Release|Any CPU
		{AD0416F8-F2B9-4D05-B0CA-C3713D7A1682}.Release|x64.ActiveCfg = Release|Any CPU
		{AD0416F8-F2B9-4D05-B0CA-C3713D7A1682}.Release|x64.Build.0 = Release|Any CPU
		{AD0416F8-F2B9-4D05-B0CA-C3713D7A1682}.Release|x86.ActiveCfg = Release|Any CPU
		{AD0416F8-F2B9-4D05-B0CA-C3713D7A1682}.Release|x86.Build.0 = Release|Any CPU
		{96AC8FF9-A043-47A0-8DB3-D3D74D429876}.Debug|Any CPU.ActiveCfg = Debug|Any CPU
		{96AC8FF9-A043-47A0-8DB3-D3D74D429876}.Debug|Any CPU.Build.0 = Debug|Any CPU
		{96AC8FF9-A043-47A0-8DB3-D3D74D429876}.Debug|x64.ActiveCfg = Debug|Any CPU
		{96AC8FF9-A043-47A0-8DB3-D3D74D429876}.Debug|x64.Build.0 = Debug|Any CPU
		{96AC8FF9-A043-47A0-8DB3-D3D74D429876}.Debug|x86.ActiveCfg = Debug|Any CPU
		{96AC8FF9-A043-47A0-8DB3-D3D74D429876}.Debug|x86.Build.0 = Debug|Any CPU
		{96AC8FF9-A043-47A0-8DB3-D3D74D429876}.Release|Any CPU.ActiveCfg = Release|Any CPU
		{96AC8FF9-A043-47A0-8DB3-D3D74D429876}.Release|Any CPU.Build.0 = Release|Any CPU
		{96AC8FF9-A043-47A0-8DB3-D3D74D429876}.Release|x64.ActiveCfg = Release|Any CPU
		{96AC8FF9-A043-47A0-8DB3-D3D74D429876}.Release|x64.Build.0 = Release|Any CPU
		{96AC8FF9-A043-47A0-8DB3-D3D74D429876}.Release|x86.ActiveCfg = Release|Any CPU
		{96AC8FF9-A043-47A0-8DB3-D3D74D429876}.Release|x86.Build.0 = Release|Any CPU
		{87F5AFA1-7883-4B84-AE5C-85B927509A37}.Debug|Any CPU.ActiveCfg = Debug|Any CPU
		{87F5AFA1-7883-4B84-AE5C-85B927509A37}.Debug|Any CPU.Build.0 = Debug|Any CPU
		{87F5AFA1-7883-4B84-AE5C-85B927509A37}.Debug|x64.ActiveCfg = Debug|Any CPU
		{87F5AFA1-7883-4B84-AE5C-85B927509A37}.Debug|x64.Build.0 = Debug|Any CPU
		{87F5AFA1-7883-4B84-AE5C-85B927509A37}.Debug|x86.ActiveCfg = Debug|Any CPU
		{87F5AFA1-7883-4B84-AE5C-85B927509A37}.Debug|x86.Build.0 = Debug|Any CPU
		{87F5AFA1-7883-4B84-AE5C-85B927509A37}.Release|Any CPU.ActiveCfg = Release|Any CPU
		{87F5AFA1-7883-4B84-AE5C-85B927509A37}.Release|Any CPU.Build.0 = Release|Any CPU
		{87F5AFA1-7883-4B84-AE5C-85B927509A37}.Release|x64.ActiveCfg = Release|Any CPU
		{87F5AFA1-7883-4B84-AE5C-85B927509A37}.Release|x64.Build.0 = Release|Any CPU
		{87F5AFA1-7883-4B84-AE5C-85B927509A37}.Release|x86.ActiveCfg = Release|Any CPU
		{87F5AFA1-7883-4B84-AE5C-85B927509A37}.Release|x86.Build.0 = Release|Any CPU
		{45EE0577-AC1C-41F1-89FD-9ACE77CB7A8D}.Debug|Any CPU.ActiveCfg = Debug|Any CPU
		{45EE0577-AC1C-41F1-89FD-9ACE77CB7A8D}.Debug|Any CPU.Build.0 = Debug|Any CPU
		{45EE0577-AC1C-41F1-89FD-9ACE77CB7A8D}.Debug|x64.ActiveCfg = Debug|Any CPU
		{45EE0577-AC1C-41F1-89FD-9ACE77CB7A8D}.Debug|x64.Build.0 = Debug|Any CPU
		{45EE0577-AC1C-41F1-89FD-9ACE77CB7A8D}.Debug|x86.ActiveCfg = Debug|Any CPU
		{45EE0577-AC1C-41F1-89FD-9ACE77CB7A8D}.Debug|x86.Build.0 = Debug|Any CPU
		{45EE0577-AC1C-41F1-89FD-9ACE77CB7A8D}.Release|Any CPU.ActiveCfg = Release|Any CPU
		{45EE0577-AC1C-41F1-89FD-9ACE77CB7A8D}.Release|Any CPU.Build.0 = Release|Any CPU
		{45EE0577-AC1C-41F1-89FD-9ACE77CB7A8D}.Release|x64.ActiveCfg = Release|Any CPU
		{45EE0577-AC1C-41F1-89FD-9ACE77CB7A8D}.Release|x64.Build.0 = Release|Any CPU
		{45EE0577-AC1C-41F1-89FD-9ACE77CB7A8D}.Release|x86.ActiveCfg = Release|Any CPU
		{45EE0577-AC1C-41F1-89FD-9ACE77CB7A8D}.Release|x86.Build.0 = Release|Any CPU
	EndGlobalSection
	GlobalSection(SolutionProperties) = preSolution
		HideSolutionNode = FALSE
	EndGlobalSection
	GlobalSection(NestedProjects) = preSolution
		{5E33B26E-E8CF-469B-AF23-C13338AFC1BA} = {827E0CD3-B72D-47B6-A68D-7590B98EB39B}
		{F4E57DB0-675F-4027-8B22-E71BCF4BBAAD} = {827E0CD3-B72D-47B6-A68D-7590B98EB39B}
		{85449149-8158-4CC4-BE29-F71DC7EF7662} = {827E0CD3-B72D-47B6-A68D-7590B98EB39B}
		{D5810908-2397-4410-AA0A-B4FD5A3E20DA} = {827E0CD3-B72D-47B6-A68D-7590B98EB39B}
		{AD0416F8-F2B9-4D05-B0CA-C3713D7A1682} = {0AB3BF05-4346-4AA6-1389-037BE0695223}
		{96AC8FF9-A043-47A0-8DB3-D3D74D429876} = {0AB3BF05-4346-4AA6-1389-037BE0695223}
		{87F5AFA1-7883-4B84-AE5C-85B927509A37} = {0AB3BF05-4346-4AA6-1389-037BE0695223}
		{45EE0577-AC1C-41F1-89FD-9ACE77CB7A8D} = {0AB3BF05-4346-4AA6-1389-037BE0695223}
	EndGlobalSection
EndGlobal
